
Microsoft Visual Studio Solution File, Format Version 11.00
# Visual Studio 2010
Project("{FAE04EC0-301F-11D3-BF4B-00C04F79EFBC}") = "ACMG_Latest", "ACMG_Latest.csproj", "{53E3C268-4509-4204-95FF-95C321221827}"
EndProject
Global
	GlobalSection(SolutionConfigurationPlatforms) = preSolution
		Debug|Any CPU = Debug|Any CPU
		Release|Any CPU = Release|Any CPU
	EndGlobalSection
	GlobalSection(ProjectConfigurationPlatforms) = postSolution
		{53E3C268-4509-4204-95FF-95C321221827}.Debug|Any CPU.ActiveCfg = Debug|Any CPU
		{53E3C268-4509-4204-95FF-95C321221827}.Debug|Any CPU.Build.0 = Debug|Any CPU
		{53E3C268-4509-4204-95FF-95C321221827}.Release|Any CPU.ActiveCfg = Release|Any CPU
		{53E3C268-4509-4204-95FF-95C321221827}.Release|Any CPU.Build.0 = Release|Any CPU
	EndGlobalSection
	GlobalSection(SolutionProperties) = preSolution
		HideSolutionNode = FALSE
	EndGlobalSection
EndGlobal
